<?xml version="1.0" encoding="utf-8"?>
<Project ToolsVersion="4.0" xmlns="http://schemas.microsoft.com/developer/msbuild/2003">
  <ItemGroup>
    <Filter Include="소스 파일">
      <UniqueIdentifier>{4FC737F1-C7A5-4376-A066-2A32D752A2FF}</UniqueIdentifier>
      <Extensions>cpp;c;cc;cxx;def;odl;idl;hpj;bat;asm;asmx</Extensions>
    </Filter>
    <Filter Include="헤더 파일">
      <UniqueIdentifier>{93995380-89BD-4b04-88EB-625FBE52EBFB}</UniqueIdentifier>
      <Extensions>h;hh;hpp;hxx;hm;inl;inc;ipp;xsd</Extensions>
    </Filter>
    <Filter Include="리소스 파일">
      <UniqueIdentifier>{67DA6AB6-F800-4c08-8B7A-83BB121AAD01}</UniqueIdentifier>
      <Extensions>rc;ico;cur;bmp;dlg;rc2;rct;bin;rgs;gif;jpg;jpeg;jpe;resx;tiff;tif;png;wav;mfcribbon-ms</Extensions>
    </Filter>
    <Filter Include="리소스 파일\Shader">
      <UniqueIdentifier>{9f00fec4-085f-4bfa-b8a0-6c19530ca1b3}</UniqueIdentifier>
    </Filter>
    <Filter Include="소스 파일\External">
      <UniqueIdentifier>{dfa8fc67-8614-41f0-bdd0-cdf0cb815923}</UniqueIdentifier>
    </Filter>
    <Filter Include="소스 파일\Main">
      <UniqueIdentifier>{26454c70-8532-4444-9bc9-a8b94f246c64}</UniqueIdentifier>
    </Filter>
    <Filter Include="소스 파일\Galaxy">
      <UniqueIdentifier>{b18321ef-278b-4132-a7de-fe73167426fc}</UniqueIdentifier>
    </Filter>
  </ItemGroup>
  <ItemGroup>
    <ClCompile Include="Shader.cpp">
      <Filter>소스 파일</Filter>
    </ClCompile>
    <ClCompile Include="stb_image.cpp">
      <Filter>소스 파일\External</Filter>
    </ClCompile>
    <ClCompile Include="Main.cpp">
      <Filter>소스 파일\Main</Filter>
    </ClCompile>
    <ClCompile Include="Window.cpp">
      <Filter>소스 파일\Main</Filter>
    </ClCompile>
    <ClCompile Include="Mesh.cpp">
      <Filter>소스 파일</Filter>
    </ClCompile>
    <ClCompile Include="Model.cpp">
      <Filter>소스 파일</Filter>
    </ClCompile>
    <ClCompile Include="Skybox.cpp">
      <Filter>소스 파일</Filter>
    </ClCompile>
    <ClCompile Include="Texture.cpp">
      <Filter>소스 파일</Filter>
    </ClCompile>
    <ClCompile Include="Galaxy.cpp">
      <Filter>소스 파일\Galaxy</Filter>
    </ClCompile>
    <ClCompile Include="stbi_image_write.cpp">
      <Filter>소스 파일\External</Filter>
    </ClCompile>
    <ClCompile Include="PerlinNoise.cpp">
      <Filter>소스 파일</Filter>
    </ClCompile>
  </ItemGroup>
  <ItemGroup>
    <ClInclude Include="Shader.h">
      <Filter>소스 파일</Filter>
    </ClInclude>
    <ClInclude Include="stb_image.h">
      <Filter>소스 파일\External</Filter>
    </ClInclude>
    <ClInclude Include="Camera.h">
      <Filter>소스 파일</Filter>
    </ClInclude>
    <ClInclude Include="Window.h">
      <Filter>소스 파일\Main</Filter>
    </ClInclude>
    <ClInclude Include="Mesh.h">
      <Filter>소스 파일</Filter>
    </ClInclude>
    <ClInclude Include="Model.h">
      <Filter>소스 파일</Filter>
    </ClInclude>
    <ClInclude Include="Skybox.h">
      <Filter>소스 파일</Filter>
    </ClInclude>
    <ClInclude Include="Texture.h">
      <Filter>소스 파일</Filter>
    </ClInclude>
    <ClInclude Include="Galaxy.h">
      <Filter>소스 파일\Galaxy</Filter>
    </ClInclude>
    <ClInclude Include="Ellipse.h">
      <Filter>소스 파일\Galaxy</Filter>
    </ClInclude>
    <ClInclude Include="stb_image_write.h">
      <Filter>소스 파일\External</Filter>
    </ClInclude>
    <ClInclude Include="PerlinNoise.h">
      <Filter>소스 파일</Filter>
    </ClInclude>
    <ClInclude Include="Constants.h">
      <Filter>소스 파일</Filter>
    </ClInclude>
  </ItemGroup>
  <ItemGroup>
    <None Include="Shaders\PongShading.fs">
      <Filter>리소스 파일\Shader</Filter>
    </None>
    <None Include="Shaders\PongShading.vs">
      <Filter>리소스 파일\Shader</Filter>
    </None>
    <None Include="Shaders\GouraudShading.vs">
      <Filter>리소스 파일\Shader</Filter>
    </None>
    <None Include="Shaders\Basic.vs">
      <Filter>리소스 파일\Shader</Filter>
    </None>
    <None Include="Shaders\Basic.fs">
      <Filter>리소스 파일\Shader</Filter>
    </None>
    <None Include="Shaders\GouraudShading.fs">
      <Filter>리소스 파일\Shader</Filter>
    </None>
    <None Include="Shaders\DepthTest.fs">
      <Filter>리소스 파일\Shader</Filter>
    </None>
    <None Include="Shaders\Cubemap.fs">
      <Filter>리소스 파일\Shader</Filter>
    </None>
    <None Include="Shaders\Cubemap.vs">
      <Filter>리소스 파일\Shader</Filter>
    </None>
    <None Include="Shaders\Particle.fs">
      <Filter>리소스 파일\Shader</Filter>
    </None>
    <None Include="Shaders\Particle.vs">
      <Filter>리소스 파일\Shader</Filter>
    </None>
    <None Include="Shaders\Particle.cs">
      <Filter>리소스 파일\Shader</Filter>
    </None>
    <None Include="Shaders\ParticleBlackHole.cs">
      <Filter>리소스 파일\Shader</Filter>
    </None>
    <None Include="Shaders\Nebula.fs">
      <Filter>리소스 파일\Shader</Filter>
    </None>
    <None Include="Shaders\Nebula.vs">
      <Filter>리소스 파일\Shader</Filter>
    </None>
    <None Include="Shaders\Environment.fs">
      <Filter>리소스 파일\Shader</Filter>
    </None>
    <None Include="Shaders\Environment.vs">
      <Filter>리소스 파일\Shader</Filter>
    </None>
    <None Include="Shaders\Stars.vs">
      <Filter>리소스 파일\Shader</Filter>
    </None>
    <None Include="Shaders\Stars.fs">
      <Filter>리소스 파일\Shader</Filter>
    </None>
    <None Include="Shaders\Noise.vs">
      <Filter>리소스 파일\Shader</Filter>
    </None>
    <None Include="Shaders\Noise.fs">
      <Filter>리소스 파일\Shader</Filter>
    </None>
  </ItemGroup>
</Project>