
Microsoft Visual Studio Solution File, Format Version 12.00
# Visual Studio 15
VisualStudioVersion = 15.0.28307.421
MinimumVisualStudioVersion = 10.0.40219.1
Project("{8BC9CEB8-8B4A-11D0-8D11-00A0C91BC942}") = "Renderer", "Renderer\Renderer.vcxproj", "{EA7BAB24-FE7B-4E48-8706-5AF90E2E4A53}"
EndProject
Global
	GlobalSection(SolutionConfigurationPlatforms) = preSolution
		Debug|x64 = Debug|x64
		Release|x64 = Release|x64
	EndGlobalSection
	GlobalSection(ProjectConfigurationPlatforms) = postSolution
		{EA7BAB24-FE7B-4E48-8706-5AF90E2E4A53}.Debug|x64.ActiveCfg = Debug|x64
		{EA7BAB24-FE7B-4E48-8706-5AF90E2E4A53}.Debug|x64.Build.0 = Debug|x64
		{EA7BAB24-FE7B-4E48-8706-5AF90E2E4A53}.Release|x64.ActiveCfg = Release|x64
		{EA7BAB24-FE7B-4E48-8706-5AF90E2E4A53}.Release|x64.Build.0 = Release|x64
	EndGlobalSection
	GlobalSection(SolutionProperties) = preSolution
		HideSolutionNode = FALSE
	EndGlobalSection
	GlobalSection(ExtensibilityGlobals) = postSolution
		SolutionGuid = {A51DBC4F-5D5A-4587-B1F7-36C7A205A996}
	EndGlobalSection
EndGlobal
